{
  "name": "AssignmentsQ2",
  "lockfileVersion": 3,
  "requires": true,
  "packages": {
    "": {
      "dependencies": {
        "rimraff": "^0.0.1-security"
      }
    },
    "node_modules/rimraff": {
      "version": "0.0.1-security",
      "resolved": "https://registry.npmjs.org/rimraff/-/rimraff-0.0.1-security.tgz",
      "integrity": "sha512-fW4+yD5XH1dFCJmbp3OK624b8yQ6c7SvyLDzyAT+UIOSuUZ+toClQCTw8ZV/ik8UqPln8dwwGGbCSE8UkicqVQ=="
    }
  }
}
